
Microsoft Visual Studio Solution File, Format Version 12.00
# Visual Studio Version 16
VisualStudioVersion = 16.0.30320.27
MinimumVisualStudioVersion = 10.0.40219.1
Project("{FAE04EC0-301F-11D3-BF4B-00C04F79EFBC}") = "NumberGuesser", "NumberGuesser.csproj", "{82A01DC3-7BEB-4002-B1A3-BE2DBAF2931F}"
EndProject
Global
	GlobalSection(SolutionConfigurationPlatforms) = preSolution
		Debug|Any CPU = Debug|Any CPU
		Release|Any CPU = Release|Any CPU
	EndGlobalSection
	GlobalSection(ProjectConfigurationPlatforms) = postSolution
		{82A01DC3-7BEB-4002-B1A3-BE2DBAF2931F}.Debug|Any CPU.ActiveCfg = Debug|Any CPU
		{82A01DC3-7BEB-4002-B1A3-BE2DBAF2931F}.Debug|Any CPU.Build.0 = Debug|Any CPU
		{82A01DC3-7BEB-4002-B1A3-BE2DBAF2931F}.Release|Any CPU.ActiveCfg = Release|Any CPU
		{82A01DC3-7BEB-4002-B1A3-BE2DBAF2931F}.Release|Any CPU.Build.0 = Release|Any CPU
	EndGlobalSection
	GlobalSection(SolutionProperties) = preSolution
		HideSolutionNode = FALSE
	EndGlobalSection
	GlobalSection(ExtensibilityGlobals) = postSolution
		SolutionGuid = {3D824A10-8579-467F-B125-CE6C43A307B6}
	EndGlobalSection
EndGlobal
